# generated by rye
# use `rye lock` or `rye sync` to update this lockfile
#
# last locked with the following flags:
#   pre: false
#   features: []
#   all-features: false
#   with-sources: false

-e file:.
annotated-types==0.6.0
    # via pydantic
contourpy==1.2.0
    # via matplotlib
cycler==0.12.1
    # via matplotlib
fonttools==4.49.0
    # via matplotlib
juliacall==0.9.15
    # via jlrye
juliapkg==0.1.10
    # via juliacall
kiwisolver==1.4.5
    # via matplotlib
matplotlib==3.8.3
    # via jlrye
numpy==1.26.4
    # via contourpy
    # via jlrye
    # via matplotlib
    # via pandas
packaging==23.2
    # via matplotlib
pandas==2.2.1
    # via jlrye
pillow==10.2.0
    # via matplotlib
pydantic==2.6.3
    # via jlrye
pydantic-core==2.16.3
    # via pydantic
pyparsing==3.1.1
    # via matplotlib
python-dateutil==2.9.0.post0
    # via matplotlib
    # via pandas
pytz==2024.1
    # via pandas
semantic-version==2.10.0
    # via juliapkg
six==1.16.0
    # via python-dateutil
typing-extensions==4.10.0
    # via pydantic
    # via pydantic-core
tzdata==2024.1
    # via pandas
