# generated by rye
# use `rye lock` or `rye sync` to update this lockfile
#
# last locked with the following flags:
#   pre: false
#   features: []
#   all-features: false

-e file:.
annotated-types==0.6.0
contourpy==1.2.0
cycler==0.12.1
fonttools==4.47.0
juliacall==0.9.15
juliapkg==0.1.10
kiwisolver==1.4.5
matplotlib==3.8.2
numpy==1.26.2
packaging==23.2
pandas==2.1.4
pillow==10.1.0
pydantic==2.5.2
pydantic-core==2.14.5
pyparsing==3.1.1
python-dateutil==2.8.2
pytz==2023.3.post1
semantic-version==2.10.0
six==1.16.0
typing-extensions==4.9.0
tzdata==2023.3
