# generated by rye
# use `rye lock` or `rye sync` to update this lockfile
#
# last locked with the following flags:
#   pre: false
#   features: []
#   all-features: false
#   with-sources: false

-e file:.
annotated-types==0.6.0
    # via pydantic
asttokens==2.4.1
    # via stack-data
black==24.2.0
click==8.1.7
    # via black
contourpy==1.2.0
    # via matplotlib
cycler==0.12.1
    # via matplotlib
decorator==5.1.1
    # via ipython
exceptiongroup==1.2.0
    # via ipython
    # via pytest
executing==2.0.1
    # via stack-data
fonttools==4.49.0
    # via matplotlib
iniconfig==2.0.0
    # via pytest
ipython==8.22.1
isort==5.13.2
jedi==0.19.1
    # via ipython
juliacall==0.9.15
    # via jlrye
juliapkg==0.1.10
    # via juliacall
kiwisolver==1.4.5
    # via matplotlib
matplotlib==3.8.3
    # via jlrye
matplotlib-inline==0.1.6
    # via ipython
mypy-extensions==1.0.0
    # via black
numpy==1.26.4
    # via contourpy
    # via jlrye
    # via matplotlib
    # via pandas
packaging==23.2
    # via black
    # via matplotlib
    # via pytest
pandas==2.2.1
    # via jlrye
parso==0.8.3
    # via jedi
pathspec==0.12.1
    # via black
pexpect==4.9.0
    # via ipython
pillow==10.2.0
    # via matplotlib
platformdirs==4.2.0
    # via black
pluggy==1.4.0
    # via pytest
prompt-toolkit==3.0.43
    # via ipython
ptyprocess==0.7.0
    # via pexpect
pure-eval==0.2.2
    # via stack-data
pydantic==2.6.3
    # via jlrye
pydantic-core==2.16.3
    # via pydantic
pygments==2.17.2
    # via ipython
pyparsing==3.1.1
    # via matplotlib
pytest==8.0.2
python-dateutil==2.9.0.post0
    # via matplotlib
    # via pandas
pytz==2024.1
    # via pandas
semantic-version==2.10.0
    # via juliapkg
six==1.16.0
    # via asttokens
    # via python-dateutil
stack-data==0.6.3
    # via ipython
tomli==2.0.1
    # via black
    # via pytest
traitlets==5.14.1
    # via ipython
    # via matplotlib-inline
typing-extensions==4.10.0
    # via black
    # via pydantic
    # via pydantic-core
tzdata==2024.1
    # via pandas
wcwidth==0.2.13
    # via prompt-toolkit
